
Microsoft Visual Studio Solution File, Format Version 12.00
# Visual Studio 15
VisualStudioVersion = 15.0.28010.2050
MinimumVisualStudioVersion = 10.0.40219.1
Project("{FAE04EC0-301F-11D3-BF4B-00C04F79EFBC}") = "UnitTesting", "UnitTesting\UnitTesting.csproj", "{2670800C-491E-49BB-9105-FAD8237C27B0}"
EndProject
Project("{FAE04EC0-301F-11D3-BF4B-00C04F79EFBC}") = "GameView", "GameView\GameView.csproj", "{575559BD-76E9-4763-82AD-1E76326D2430}"
EndProject
Project("{FAE04EC0-301F-11D3-BF4B-00C04F79EFBC}") = "GameLib", "GameLib\GameLib.csproj", "{474FA4E2-02E6-4F4A-91EA-9BECA1477A10}"
EndProject
Global
	GlobalSection(SolutionConfigurationPlatforms) = preSolution
		Debug|Any CPU = Debug|Any CPU
		Release|Any CPU = Release|Any CPU
	EndGlobalSection
	GlobalSection(ProjectConfigurationPlatforms) = postSolution
		{2670800C-491E-49BB-9105-FAD8237C27B0}.Debug|Any CPU.ActiveCfg = Debug|Any CPU
		{2670800C-491E-49BB-9105-FAD8237C27B0}.Debug|Any CPU.Build.0 = Debug|Any CPU
		{2670800C-491E-49BB-9105-FAD8237C27B0}.Release|Any CPU.ActiveCfg = Release|Any CPU
		{2670800C-491E-49BB-9105-FAD8237C27B0}.Release|Any CPU.Build.0 = Release|Any CPU
		{575559BD-76E9-4763-82AD-1E76326D2430}.Debug|Any CPU.ActiveCfg = Debug|Any CPU
		{575559BD-76E9-4763-82AD-1E76326D2430}.Debug|Any CPU.Build.0 = Debug|Any CPU
		{575559BD-76E9-4763-82AD-1E76326D2430}.Release|Any CPU.ActiveCfg = Release|Any CPU
		{575559BD-76E9-4763-82AD-1E76326D2430}.Release|Any CPU.Build.0 = Release|Any CPU
		{474FA4E2-02E6-4F4A-91EA-9BECA1477A10}.Debug|Any CPU.ActiveCfg = Debug|Any CPU
		{474FA4E2-02E6-4F4A-91EA-9BECA1477A10}.Debug|Any CPU.Build.0 = Debug|Any CPU
		{474FA4E2-02E6-4F4A-91EA-9BECA1477A10}.Release|Any CPU.ActiveCfg = Release|Any CPU
		{474FA4E2-02E6-4F4A-91EA-9BECA1477A10}.Release|Any CPU.Build.0 = Release|Any CPU
	EndGlobalSection
	GlobalSection(SolutionProperties) = preSolution
		HideSolutionNode = FALSE
	EndGlobalSection
	GlobalSection(ExtensibilityGlobals) = postSolution
		SolutionGuid = {BA3222EF-1D82-4C1D-95E8-CE74AD73508F}
	EndGlobalSection
EndGlobal
